
Microsoft Visual Studio Solution File, Format Version 12.00
# Visual Studio 15
VisualStudioVersion = 15.0.28307.136
MinimumVisualStudioVersion = 10.0.40219.1
Project("{FAE04EC0-301F-11D3-BF4B-00C04F79EFBC}") = "API.Managerment", "API.Managerment\API.Managerment.csproj", "{5C550624-6A8B-48D8-906C-F46F854D05D7}"
EndProject
Global
	GlobalSection(SolutionConfigurationPlatforms) = preSolution
		Debug|Any CPU = Debug|Any CPU
		Release|Any CPU = Release|Any CPU
	EndGlobalSection
	GlobalSection(ProjectConfigurationPlatforms) = postSolution
		{5C550624-6A8B-48D8-906C-F46F854D05D7}.Debug|Any CPU.ActiveCfg = Debug|Any CPU
		{5C550624-6A8B-48D8-906C-F46F854D05D7}.Debug|Any CPU.Build.0 = Debug|Any CPU
		{5C550624-6A8B-48D8-906C-F46F854D05D7}.Release|Any CPU.ActiveCfg = Release|Any CPU
		{5C550624-6A8B-48D8-906C-F46F854D05D7}.Release|Any CPU.Build.0 = Release|Any CPU
	EndGlobalSection
	GlobalSection(SolutionProperties) = preSolution
		HideSolutionNode = FALSE
	EndGlobalSection
	GlobalSection(ExtensibilityGlobals) = postSolution
		SolutionGuid = {C0490AAF-853D-4858-BE60-7C5B7D72D485}
	EndGlobalSection
EndGlobal
