
Microsoft Visual Studio Solution File, Format Version 12.00
# Visual Studio 15
VisualStudioVersion = 15.0.28307.136
MinimumVisualStudioVersion = 10.0.40219.1
Project("{FAE04EC0-301F-11D3-BF4B-00C04F79EFBC}") = "API.Order", "API.Order\API.Order.csproj", "{9BD350C2-6382-452D-927D-3774A0CF184E}"
EndProject
Global
	GlobalSection(SolutionConfigurationPlatforms) = preSolution
		Debug|Any CPU = Debug|Any CPU
		Release|Any CPU = Release|Any CPU
	EndGlobalSection
	GlobalSection(ProjectConfigurationPlatforms) = postSolution
		{9BD350C2-6382-452D-927D-3774A0CF184E}.Debug|Any CPU.ActiveCfg = Debug|Any CPU
		{9BD350C2-6382-452D-927D-3774A0CF184E}.Debug|Any CPU.Build.0 = Debug|Any CPU
		{9BD350C2-6382-452D-927D-3774A0CF184E}.Release|Any CPU.ActiveCfg = Release|Any CPU
		{9BD350C2-6382-452D-927D-3774A0CF184E}.Release|Any CPU.Build.0 = Release|Any CPU
	EndGlobalSection
	GlobalSection(SolutionProperties) = preSolution
		HideSolutionNode = FALSE
	EndGlobalSection
	GlobalSection(ExtensibilityGlobals) = postSolution
		SolutionGuid = {C2123BB3-D81C-40DB-8BFC-FA3E3A2F39A6}
	EndGlobalSection
EndGlobal
